
Microsoft Visual Studio Solution File, Format Version 12.00
# Visual Studio Version 17
VisualStudioVersion = 17.7.34024.191
MinimumVisualStudioVersion = 10.0.40219.1
Project("{FAE04EC0-301F-11D3-BF4B-00C04F79EFBC}") = "ProyectoLogin", "ProyectoLogin.csproj", "{B1C78B5D-5C86-4EA7-84DB-8D206BD50113}"
EndProject
Global
	GlobalSection(SolutionConfigurationPlatforms) = preSolution
		Debug|Any CPU = Debug|Any CPU
		Release|Any CPU = Release|Any CPU
	EndGlobalSection
	GlobalSection(ProjectConfigurationPlatforms) = postSolution
		{B1C78B5D-5C86-4EA7-84DB-8D206BD50113}.Debug|Any CPU.ActiveCfg = Debug|Any CPU
		{B1C78B5D-5C86-4EA7-84DB-8D206BD50113}.Debug|Any CPU.Build.0 = Debug|Any CPU
		{B1C78B5D-5C86-4EA7-84DB-8D206BD50113}.Release|Any CPU.ActiveCfg = Release|Any CPU
		{B1C78B5D-5C86-4EA7-84DB-8D206BD50113}.Release|Any CPU.Build.0 = Release|Any CPU
	EndGlobalSection
	GlobalSection(SolutionProperties) = preSolution
		HideSolutionNode = FALSE
	EndGlobalSection
	GlobalSection(ExtensibilityGlobals) = postSolution
		SolutionGuid = {545F23C1-D752-4758-A4CC-8C68238E7B8C}
	EndGlobalSection
EndGlobal
